
Microsoft Visual Studio Solution File, Format Version 12.00
# Visual Studio Version 17
VisualStudioVersion = 17.0.31903.59
MinimumVisualStudioVersion = 10.0.40219.1
Project("{2150E333-8FDC-42A3-9474-1A3956D46DE8}") = "Internal", "Internal", "{5A380C17-196E-6321-DE74-1F06A4E0A5CA}"
EndProject
Project("{2150E333-8FDC-42A3-9474-1A3956D46DE8}") = "Api", "Api", "{85675FCF-1440-2DAF-DD24-074E4731FB1B}"
EndProject
Project("{FAE04EC0-301F-11D3-BF4B-00C04F79EFBC}") = "Api", "Api\Api.csproj", "{8F9CFB25-5224-46CE-B276-FD9C3E1481AF}"
EndProject
Project("{2150E333-8FDC-42A3-9474-1A3956D46DE8}") = "Application", "Application", "{91ED8EB0-7635-A41D-B4E5-663EBACB79D7}"
EndProject
Project("{FAE04EC0-301F-11D3-BF4B-00C04F79EFBC}") = "Application", "Application\Application.csproj", "{670C3A01-633B-4DAD-998C-BFE7B94561DC}"
EndProject
Project("{2150E333-8FDC-42A3-9474-1A3956D46DE8}") = "Infrastructure", "Infrastructure", "{D64882C0-7028-CB8F-22A3-55ABBCAAEADF}"
EndProject
Project("{FAE04EC0-301F-11D3-BF4B-00C04F79EFBC}") = "Infrastructure", "Infrastructure\Infrastructure.csproj", "{45CDDDA7-89A5-45A4-8655-0FD47974B299}"
EndProject
Project("{2150E333-8FDC-42A3-9474-1A3956D46DE8}") = "Domain", "Domain", "{1868A55E-C07A-15FF-EF9D-9D7CDEB303F7}"
EndProject
Project("{FAE04EC0-301F-11D3-BF4B-00C04F79EFBC}") = "Domain", "Domain\Domain.csproj", "{CB44B25B-13C6-4688-A780-9E3EACC6194E}"
EndProject
Project("{FAE04EC0-301F-11D3-BF4B-00C04F79EFBC}") = "TokenService", "TokenService\TokenService.csproj", "{2939D1FF-6916-4C02-9A12-88B04C64F754}"
EndProject
Project("{2150E333-8FDC-42A3-9474-1A3956D46DE8}") = "tests", "tests", "{0AB3BF05-4346-4AA6-1389-037BE0695223}"
EndProject
Project("{FAE04EC0-301F-11D3-BF4B-00C04F79EFBC}") = "Application.Tests", "tests\Application.Tests\Application.Tests.csproj", "{76F95929-9534-4731-9AE1-DA3A6AA0B5DE}"
EndProject
Project("{FAE04EC0-301F-11D3-BF4B-00C04F79EFBC}") = "Domain.Tests", "tests\Domain.Tests\Domain.Tests.csproj", "{5D0312D0-F78E-4ED4-823B-4274840D758D}"
EndProject
Project("{FAE04EC0-301F-11D3-BF4B-00C04F79EFBC}") = "Infrastructure.Tests", "tests\Infrastructure.Tests\Infrastructure.Tests.csproj", "{6141FF33-43B4-4A64-9211-585382E995D2}"
EndProject
Global
	GlobalSection(SolutionConfigurationPlatforms) = preSolution
		Debug|Any CPU = Debug|Any CPU
		Debug|x64 = Debug|x64
		Debug|x86 = Debug|x86
		Release|Any CPU = Release|Any CPU
		Release|x64 = Release|x64
		Release|x86 = Release|x86
	EndGlobalSection
	GlobalSection(ProjectConfigurationPlatforms) = postSolution
		{8F9CFB25-5224-46CE-B276-FD9C3E1481AF}.Debug|Any CPU.ActiveCfg = Debug|Any CPU
		{8F9CFB25-5224-46CE-B276-FD9C3E1481AF}.Debug|Any CPU.Build.0 = Debug|Any CPU
		{8F9CFB25-5224-46CE-B276-FD9C3E1481AF}.Debug|x64.ActiveCfg = Debug|Any CPU
		{8F9CFB25-5224-46CE-B276-FD9C3E1481AF}.Debug|x64.Build.0 = Debug|Any CPU
		{8F9CFB25-5224-46CE-B276-FD9C3E1481AF}.Debug|x86.ActiveCfg = Debug|Any CPU
		{8F9CFB25-5224-46CE-B276-FD9C3E1481AF}.Debug|x86.Build.0 = Debug|Any CPU
		{8F9CFB25-5224-46CE-B276-FD9C3E1481AF}.Release|Any CPU.ActiveCfg = Release|Any CPU
		{8F9CFB25-5224-46CE-B276-FD9C3E1481AF}.Release|Any CPU.Build.0 = Release|Any CPU
		{8F9CFB25-5224-46CE-B276-FD9C3E1481AF}.Release|x64.ActiveCfg = Release|Any CPU
		{8F9CFB25-5224-46CE-B276-FD9C3E1481AF}.Release|x64.Build.0 = Release|Any CPU
		{8F9CFB25-5224-46CE-B276-FD9C3E1481AF}.Release|x86.ActiveCfg = Release|Any CPU
		{8F9CFB25-5224-46CE-B276-FD9C3E1481AF}.Release|x86.Build.0 = Release|Any CPU
		{670C3A01-633B-4DAD-998C-BFE7B94561DC}.Debug|Any CPU.ActiveCfg = Debug|Any CPU
		{670C3A01-633B-4DAD-998C-BFE7B94561DC}.Debug|Any CPU.Build.0 = Debug|Any CPU
		{670C3A01-633B-4DAD-998C-BFE7B94561DC}.Debug|x64.ActiveCfg = Debug|Any CPU
		{670C3A01-633B-4DAD-998C-BFE7B94561DC}.Debug|x64.Build.0 = Debug|Any CPU
		{670C3A01-633B-4DAD-998C-BFE7B94561DC}.Debug|x86.ActiveCfg = Debug|Any CPU
		{670C3A01-633B-4DAD-998C-BFE7B94561DC}.Debug|x86.Build.0 = Debug|Any CPU
		{670C3A01-633B-4DAD-998C-BFE7B94561DC}.Release|Any CPU.ActiveCfg = Release|Any CPU
		{670C3A01-633B-4DAD-998C-BFE7B94561DC}.Release|Any CPU.Build.0 = Release|Any CPU
		{670C3A01-633B-4DAD-998C-BFE7B94561DC}.Release|x64.ActiveCfg = Release|Any CPU
		{670C3A01-633B-4DAD-998C-BFE7B94561DC}.Release|x64.Build.0 = Release|Any CPU
		{670C3A01-633B-4DAD-998C-BFE7B94561DC}.Release|x86.ActiveCfg = Release|Any CPU
		{670C3A01-633B-4DAD-998C-BFE7B94561DC}.Release|x86.Build.0 = Release|Any CPU
		{45CDDDA7-89A5-45A4-8655-0FD47974B299}.Debug|Any CPU.ActiveCfg = Debug|Any CPU
		{45CDDDA7-89A5-45A4-8655-0FD47974B299}.Debug|Any CPU.Build.0 = Debug|Any CPU
		{45CDDDA7-89A5-45A4-8655-0FD47974B299}.Debug|x64.ActiveCfg = Debug|Any CPU
		{45CDDDA7-89A5-45A4-8655-0FD47974B299}.Debug|x64.Build.0 = Debug|Any CPU
		{45CDDDA7-89A5-45A4-8655-0FD47974B299}.Debug|x86.ActiveCfg = Debug|Any CPU
		{45CDDDA7-89A5-45A4-8655-0FD47974B299}.Debug|x86.Build.0 = Debug|Any CPU
		{45CDDDA7-89A5-45A4-8655-0FD47974B299}.Release|Any CPU.ActiveCfg = Release|Any CPU
		{45CDDDA7-89A5-45A4-8655-0FD47974B299}.Release|Any CPU.Build.0 = Release|Any CPU
		{45CDDDA7-89A5-45A4-8655-0FD47974B299}.Release|x64.ActiveCfg = Release|Any CPU
		{45CDDDA7-89A5-45A4-8655-0FD47974B299}.Release|x64.Build.0 = Release|Any CPU
		{45CDDDA7-89A5-45A4-8655-0FD47974B299}.Release|x86.ActiveCfg = Release|Any CPU
		{45CDDDA7-89A5-45A4-8655-0FD47974B299}.Release|x86.Build.0 = Release|Any CPU
		{CB44B25B-13C6-4688-A780-9E3EACC6194E}.Debug|Any CPU.ActiveCfg = Debug|Any CPU
		{CB44B25B-13C6-4688-A780-9E3EACC6194E}.Debug|Any CPU.Build.0 = Debug|Any CPU
		{CB44B25B-13C6-4688-A780-9E3EACC6194E}.Debug|x64.ActiveCfg = Debug|Any CPU
		{CB44B25B-13C6-4688-A780-9E3EACC6194E}.Debug|x64.Build.0 = Debug|Any CPU
		{CB44B25B-13C6-4688-A780-9E3EACC6194E}.Debug|x86.ActiveCfg = Debug|Any CPU
		{CB44B25B-13C6-4688-A780-9E3EACC6194E}.Debug|x86.Build.0 = Debug|Any CPU
		{CB44B25B-13C6-4688-A780-9E3EACC6194E}.Release|Any CPU.ActiveCfg = Release|Any CPU
		{CB44B25B-13C6-4688-A780-9E3EACC6194E}.Release|Any CPU.Build.0 = Release|Any CPU
		{CB44B25B-13C6-4688-A780-9E3EACC6194E}.Release|x64.ActiveCfg = Release|Any CPU
		{CB44B25B-13C6-4688-A780-9E3EACC6194E}.Release|x64.Build.0 = Release|Any CPU
		{CB44B25B-13C6-4688-A780-9E3EACC6194E}.Release|x86.ActiveCfg = Release|Any CPU
		{CB44B25B-13C6-4688-A780-9E3EACC6194E}.Release|x86.Build.0 = Release|Any CPU
		{2939D1FF-6916-4C02-9A12-88B04C64F754}.Debug|Any CPU.ActiveCfg = Debug|Any CPU
		{2939D1FF-6916-4C02-9A12-88B04C64F754}.Debug|Any CPU.Build.0 = Debug|Any CPU
		{2939D1FF-6916-4C02-9A12-88B04C64F754}.Debug|x64.ActiveCfg = Debug|Any CPU
		{2939D1FF-6916-4C02-9A12-88B04C64F754}.Debug|x64.Build.0 = Debug|Any CPU
		{2939D1FF-6916-4C02-9A12-88B04C64F754}.Debug|x86.ActiveCfg = Debug|Any CPU
		{2939D1FF-6916-4C02-9A12-88B04C64F754}.Debug|x86.Build.0 = Debug|Any CPU
		{2939D1FF-6916-4C02-9A12-88B04C64F754}.Release|Any CPU.ActiveCfg = Release|Any CPU
		{2939D1FF-6916-4C02-9A12-88B04C64F754}.Release|Any CPU.Build.0 = Release|Any CPU
		{2939D1FF-6916-4C02-9A12-88B04C64F754}.Release|x64.ActiveCfg = Release|Any CPU
		{2939D1FF-6916-4C02-9A12-88B04C64F754}.Release|x64.Build.0 = Release|Any CPU
		{2939D1FF-6916-4C02-9A12-88B04C64F754}.Release|x86.ActiveCfg = Release|Any CPU
		{2939D1FF-6916-4C02-9A12-88B04C64F754}.Release|x86.Build.0 = Release|Any CPU
		{76F95929-9534-4731-9AE1-DA3A6AA0B5DE}.Debug|Any CPU.ActiveCfg = Debug|Any CPU
		{76F95929-9534-4731-9AE1-DA3A6AA0B5DE}.Debug|Any CPU.Build.0 = Debug|Any CPU
		{76F95929-9534-4731-9AE1-DA3A6AA0B5DE}.Debug|x64.ActiveCfg = Debug|Any CPU
		{76F95929-9534-4731-9AE1-DA3A6AA0B5DE}.Debug|x64.Build.0 = Debug|Any CPU
		{76F95929-9534-4731-9AE1-DA3A6AA0B5DE}.Debug|x86.ActiveCfg = Debug|Any CPU
		{76F95929-9534-4731-9AE1-DA3A6AA0B5DE}.Debug|x86.Build.0 = Debug|Any CPU
		{76F95929-9534-4731-9AE1-DA3A6AA0B5DE}.Release|Any CPU.ActiveCfg = Release|Any CPU
		{76F95929-9534-4731-9AE1-DA3A6AA0B5DE}.Release|Any CPU.Build.0 = Release|Any CPU
		{76F95929-9534-4731-9AE1-DA3A6AA0B5DE}.Release|x64.ActiveCfg = Release|Any CPU
		{76F95929-9534-4731-9AE1-DA3A6AA0B5DE}.Release|x64.Build.0 = Release|Any CPU
		{76F95929-9534-4731-9AE1-DA3A6AA0B5DE}.Release|x86.ActiveCfg = Release|Any CPU
		{76F95929-9534-4731-9AE1-DA3A6AA0B5DE}.Release|x86.Build.0 = Release|Any CPU
		{5D0312D0-F78E-4ED4-823B-4274840D758D}.Debug|Any CPU.ActiveCfg = Debug|Any CPU
		{5D0312D0-F78E-4ED4-823B-4274840D758D}.Debug|Any CPU.Build.0 = Debug|Any CPU
		{5D0312D0-F78E-4ED4-823B-4274840D758D}.Debug|x64.ActiveCfg = Debug|Any CPU
		{5D0312D0-F78E-4ED4-823B-4274840D758D}.Debug|x64.Build.0 = Debug|Any CPU
		{5D0312D0-F78E-4ED4-823B-4274840D758D}.Debug|x86.ActiveCfg = Debug|Any CPU
		{5D0312D0-F78E-4ED4-823B-4274840D758D}.Debug|x86.Build.0 = Debug|Any CPU
		{5D0312D0-F78E-4ED4-823B-4274840D758D}.Release|Any CPU.ActiveCfg = Release|Any CPU
		{5D0312D0-F78E-4ED4-823B-4274840D758D}.Release|Any CPU.Build.0 = Release|Any CPU
		{5D0312D0-F78E-4ED4-823B-4274840D758D}.Release|x64.ActiveCfg = Release|Any CPU
		{5D0312D0-F78E-4ED4-823B-4274840D758D}.Release|x64.Build.0 = Release|Any CPU
		{5D0312D0-F78E-4ED4-823B-4274840D758D}.Release|x86.ActiveCfg = Release|Any CPU
		{5D0312D0-F78E-4ED4-823B-4274840D758D}.Release|x86.Build.0 = Release|Any CPU
		{6141FF33-43B4-4A64-9211-585382E995D2}.Debug|Any CPU.ActiveCfg = Debug|Any CPU
		{6141FF33-43B4-4A64-9211-585382E995D2}.Debug|Any CPU.Build.0 = Debug|Any CPU
		{6141FF33-43B4-4A64-9211-585382E995D2}.Debug|x64.ActiveCfg = Debug|Any CPU
		{6141FF33-43B4-4A64-9211-585382E995D2}.Debug|x64.Build.0 = Debug|Any CPU
		{6141FF33-43B4-4A64-9211-585382E995D2}.Debug|x86.ActiveCfg = Debug|Any CPU
		{6141FF33-43B4-4A64-9211-585382E995D2}.Debug|x86.Build.0 = Debug|Any CPU
		{6141FF33-43B4-4A64-9211-585382E995D2}.Release|Any CPU.ActiveCfg = Release|Any CPU
		{6141FF33-43B4-4A64-9211-585382E995D2}.Release|Any CPU.Build.0 = Release|Any CPU
		{6141FF33-43B4-4A64-9211-585382E995D2}.Release|x64.ActiveCfg = Release|Any CPU
		{6141FF33-43B4-4A64-9211-585382E995D2}.Release|x64.Build.0 = Release|Any CPU
		{6141FF33-43B4-4A64-9211-585382E995D2}.Release|x86.ActiveCfg = Release|Any CPU
		{6141FF33-43B4-4A64-9211-585382E995D2}.Release|x86.Build.0 = Release|Any CPU
	EndGlobalSection
	GlobalSection(SolutionProperties) = preSolution
		HideSolutionNode = FALSE
	EndGlobalSection
	GlobalSection(NestedProjects) = preSolution
		{85675FCF-1440-2DAF-DD24-074E4731FB1B} = {5A380C17-196E-6321-DE74-1F06A4E0A5CA}
		{8F9CFB25-5224-46CE-B276-FD9C3E1481AF} = {85675FCF-1440-2DAF-DD24-074E4731FB1B}
		{91ED8EB0-7635-A41D-B4E5-663EBACB79D7} = {5A380C17-196E-6321-DE74-1F06A4E0A5CA}
		{670C3A01-633B-4DAD-998C-BFE7B94561DC} = {91ED8EB0-7635-A41D-B4E5-663EBACB79D7}
		{D64882C0-7028-CB8F-22A3-55ABBCAAEADF} = {5A380C17-196E-6321-DE74-1F06A4E0A5CA}
		{45CDDDA7-89A5-45A4-8655-0FD47974B299} = {D64882C0-7028-CB8F-22A3-55ABBCAAEADF}
		{1868A55E-C07A-15FF-EF9D-9D7CDEB303F7} = {5A380C17-196E-6321-DE74-1F06A4E0A5CA}
		{CB44B25B-13C6-4688-A780-9E3EACC6194E} = {1868A55E-C07A-15FF-EF9D-9D7CDEB303F7}
		{2939D1FF-6916-4C02-9A12-88B04C64F754} = {D64882C0-7028-CB8F-22A3-55ABBCAAEADF}
		{76F95929-9534-4731-9AE1-DA3A6AA0B5DE} = {0AB3BF05-4346-4AA6-1389-037BE0695223}
		{5D0312D0-F78E-4ED4-823B-4274840D758D} = {0AB3BF05-4346-4AA6-1389-037BE0695223}
		{6141FF33-43B4-4A64-9211-585382E995D2} = {0AB3BF05-4346-4AA6-1389-037BE0695223}
	EndGlobalSection
	GlobalSection(ExtensibilityGlobals) = postSolution
		SolutionGuid = {2C3A5AEB-C3AC-4C84-82BF-D1EF3EE5A5B8}
	EndGlobalSection
EndGlobal
